
Microsoft Visual Studio Solution File, Format Version 12.00
# Visual Studio Version 16
VisualStudioVersion = 16.0.31205.134
MinimumVisualStudioVersion = 10.0.40219.1
Project("{FAE04EC0-301F-11D3-BF4B-00C04F79EFBC}") = "ParkingControl.Shared", "ParkingControl.Shared\ParkingControl.Shared.csproj", "{A1ACDDDE-8294-4B45-A2CD-9FE181411CD1}"
EndProject
Global
	GlobalSection(SolutionConfigurationPlatforms) = preSolution
		Debug|Any CPU = Debug|Any CPU
		Release|Any CPU = Release|Any CPU
	EndGlobalSection
	GlobalSection(ProjectConfigurationPlatforms) = postSolution
		{A1ACDDDE-8294-4B45-A2CD-9FE181411CD1}.Debug|Any CPU.ActiveCfg = Debug|Any CPU
		{A1ACDDDE-8294-4B45-A2CD-9FE181411CD1}.Debug|Any CPU.Build.0 = Debug|Any CPU
		{A1ACDDDE-8294-4B45-A2CD-9FE181411CD1}.Release|Any CPU.ActiveCfg = Release|Any CPU
		{A1ACDDDE-8294-4B45-A2CD-9FE181411CD1}.Release|Any CPU.Build.0 = Release|Any CPU
	EndGlobalSection
	GlobalSection(SolutionProperties) = preSolution
		HideSolutionNode = FALSE
	EndGlobalSection
	GlobalSection(ExtensibilityGlobals) = postSolution
		SolutionGuid = {80E28D8B-873F-46E0-A8BB-C45A2F093150}
	EndGlobalSection
EndGlobal
